// !$*UTF8*$!
{
	archiveVersion = 1;
	classes = {
	};
	objectVersion = 56;
	objects = {

/* Begin PBXBuildFile section */
		2B1058A42BE3A482008595FB /* StatusViewController.swift in Sources */ = {isa = PBXBuildFile; fileRef = 2B1058A32BE3A482008595FB /* StatusViewController.swift */; };
		2B1058AB2BE3A6E2008595FB /* DGCharts in Frameworks */ = {isa = PBXBuildFile; productRef = 2B1058AA2BE3A6E2008595FB /* DGCharts */; };
		2B1058AD2BE3ACDE008595FB /* StatusModel.swift in Sources */ = {isa = PBXBuildFile; fileRef = 2B1058AC2BE3ACDE008595FB /* StatusModel.swift */; };
		2B1058AF2BE3B26D008595FB /* StatusView.swift in Sources */ = {isa = PBXBuildFile; fileRef = 2B1058AE2BE3B26D008595FB /* StatusView.swift */; };
		2B1058B12BE3B330008595FB /* StatusViewModel.swift in Sources */ = {isa = PBXBuildFile; fileRef = 2B1058B02BE3B330008595FB /* StatusViewModel.swift */; };
		2B1058B32BE3B6EB008595FB /* OverdueTaskViewController.swift in Sources */ = {isa = PBXBuildFile; fileRef = 2B1058B22BE3B6EB008595FB /* OverdueTaskViewController.swift */; };
		2B1058B52BE3B771008595FB /* OverdueTaskCollectionViewCell.swift in Sources */ = {isa = PBXBuildFile; fileRef = 2B1058B42BE3B771008595FB /* OverdueTaskCollectionViewCell.swift */; };
		2B1058B72BE42FCA008595FB /* TaskCellViewModel.swift in Sources */ = {isa = PBXBuildFile; fileRef = 2B1058B62BE42FCA008595FB /* TaskCellViewModel.swift */; };
		2B850EE02BCFD5DE0064B3C0 /* FirebaseAuth in Frameworks */ = {isa = PBXBuildFile; productRef = 2B850EDF2BCFD5DE0064B3C0 /* FirebaseAuth */; };
		2B850EE22BCFD5E40064B3C0 /* FirebaseFirestore in Frameworks */ = {isa = PBXBuildFile; productRef = 2B850EE12BCFD5E40064B3C0 /* FirebaseFirestore */; };
		2B850EE42BCFD5EA0064B3C0 /* FirebaseStorage in Frameworks */ = {isa = PBXBuildFile; productRef = 2B850EE32BCFD5EA0064B3C0 /* FirebaseStorage */; };
		2B850F0F2BCFD6C60064B3C0 /* TimerManager.swift in Sources */ = {isa = PBXBuildFile; fileRef = 2B850EE62BCFD6C60064B3C0 /* TimerManager.swift */; };
		2B850F102BCFD6C60064B3C0 /* TaskModel.swift in Sources */ = {isa = PBXBuildFile; fileRef = 2B850EE82BCFD6C60064B3C0 /* TaskModel.swift */; };
		2B850F112BCFD6C60064B3C0 /* UserModel.swift in Sources */ = {isa = PBXBuildFile; fileRef = 2B850EE92BCFD6C60064B3C0 /* UserModel.swift */; };
		2B850F122BCFD6C60064B3C0 /* AuthService.swift in Sources */ = {isa = PBXBuildFile; fileRef = 2B850EEB2BCFD6C60064B3C0 /* AuthService.swift */; };
		2B850F132BCFD6C60064B3C0 /* TaskService.swift in Sources */ = {isa = PBXBuildFile; fileRef = 2B850EEC2BCFD6C60064B3C0 /* TaskService.swift */; };
		2B850F142BCFD6C60064B3C0 /* CompletedTaskViewController.swift in Sources */ = {isa = PBXBuildFile; fileRef = 2B850EEE2BCFD6C60064B3C0 /* CompletedTaskViewController.swift */; };
		2B850F152BCFD6C60064B3C0 /* LoginViewController.swift in Sources */ = {isa = PBXBuildFile; fileRef = 2B850EEF2BCFD6C60064B3C0 /* LoginViewController.swift */; };
		2B850F162BCFD6C60064B3C0 /* MainTabBarViewController.swift in Sources */ = {isa = PBXBuildFile; fileRef = 2B850EF02BCFD6C60064B3C0 /* MainTabBarViewController.swift */; };
		2B850F172BCFD6C60064B3C0 /* NewTaskViewController.swift in Sources */ = {isa = PBXBuildFile; fileRef = 2B850EF12BCFD6C60064B3C0 /* NewTaskViewController.swift */; };
		2B850F182BCFD6C60064B3C0 /* PastTaskViewController.swift in Sources */ = {isa = PBXBuildFile; fileRef = 2B850EF22BCFD6C60064B3C0 /* PastTaskViewController.swift */; };
		2B850F192BCFD6C60064B3C0 /* RegisterViewController.swift in Sources */ = {isa = PBXBuildFile; fileRef = 2B850EF32BCFD6C60064B3C0 /* RegisterViewController.swift */; };
		2B850F1A2BCFD6C60064B3C0 /* ListViewController.swift in Sources */ = {isa = PBXBuildFile; fileRef = 2B850EF42BCFD6C60064B3C0 /* ListViewController.swift */; };
		2B850F1B2BCFD6C60064B3C0 /* TaskDetailViewController.swift in Sources */ = {isa = PBXBuildFile; fileRef = 2B850EF52BCFD6C60064B3C0 /* TaskDetailViewController.swift */; };
		2B850F1C2BCFD6C60064B3C0 /* TaskViewController.swift in Sources */ = {isa = PBXBuildFile; fileRef = 2B850EF62BCFD6C60064B3C0 /* TaskViewController.swift */; };
		2B850F1D2BCFD6C60064B3C0 /* RegisterViewModel.swift in Sources */ = {isa = PBXBuildFile; fileRef = 2B850EF82BCFD6C60064B3C0 /* RegisterViewModel.swift */; };
		2B850F1E2BCFD6C60064B3C0 /* CalendarView.swift in Sources */ = {isa = PBXBuildFile; fileRef = 2B850EFA2BCFD6C60064B3C0 /* CalendarView.swift */; };
		2B850F1F2BCFD6C60064B3C0 /* HeaderTextView.swift in Sources */ = {isa = PBXBuildFile; fileRef = 2B850EFB2BCFD6C60064B3C0 /* HeaderTextView.swift */; };
		2B850F202BCFD6C60064B3C0 /* InputTextView.swift in Sources */ = {isa = PBXBuildFile; fileRef = 2B850EFC2BCFD6C60064B3C0 /* InputTextView.swift */; };
		2B850F212BCFD6C60064B3C0 /* TaskCompletedCalendarView.swift in Sources */ = {isa = PBXBuildFile; fileRef = 2B850EFD2BCFD6C60064B3C0 /* TaskCompletedCalendarView.swift */; };
		2B850F222BCFD6C60064B3C0 /* AuthInputView.swift in Sources */ = {isa = PBXBuildFile; fileRef = 2B850EFF2BCFD6C60064B3C0 /* AuthInputView.swift */; };
		2B850F232BCFD6C60064B3C0 /* CompletedTaskCollectionViewCell.swift in Sources */ = {isa = PBXBuildFile; fileRef = 2B850F002BCFD6C60064B3C0 /* CompletedTaskCollectionViewCell.swift */; };
		2B850F242BCFD6C60064B3C0 /* PastTaskCollectionViewCell.swift in Sources */ = {isa = PBXBuildFile; fileRef = 2B850F012BCFD6C60064B3C0 /* PastTaskCollectionViewCell.swift */; };
		2B850F252BCFD6C60064B3C0 /* ProfileView.swift in Sources */ = {isa = PBXBuildFile; fileRef = 2B850F022BCFD6C60064B3C0 /* ProfileView.swift */; };
		2B850F262BCFD6C60064B3C0 /* TaskDetailCollectionViewCell.swift in Sources */ = {isa = PBXBuildFile; fileRef = 2B850F032BCFD6C60064B3C0 /* TaskDetailCollectionViewCell.swift */; };
		2B850F272BCFD6C60064B3C0 /* TaskTableViewCell.swift in Sources */ = {isa = PBXBuildFile; fileRef = 2B850F042BCFD6C60064B3C0 /* TaskTableViewCell.swift */; };
		2B850F282BCFD6C60064B3C0 /* TextFieldView.swift in Sources */ = {isa = PBXBuildFile; fileRef = 2B850F052BCFD6C60064B3C0 /* TextFieldView.swift */; };
		2B850F292BCFD6C60064B3C0 /* AppDelegate.swift in Sources */ = {isa = PBXBuildFile; fileRef = 2B850F072BCFD6C60064B3C0 /* AppDelegate.swift */; };
		2B850F2A2BCFD6C60064B3C0 /* Assets.xcassets in Resources */ = {isa = PBXBuildFile; fileRef = 2B850F082BCFD6C60064B3C0 /* Assets.xcassets */; };
		2B850F2D2BCFD6C60064B3C0 /* LaunchScreen.storyboard in Resources */ = {isa = PBXBuildFile; fileRef = 2B850F0C2BCFD6C60064B3C0 /* LaunchScreen.storyboard */; };
		2B850F2E2BCFD6C60064B3C0 /* SceneDelegate.swift in Sources */ = {isa = PBXBuildFile; fileRef = 2B850F0D2BCFD6C60064B3C0 /* SceneDelegate.swift */; };
		2B850F312BCFD8100064B3C0 /* GoogleService-Info.plist in Resources */ = {isa = PBXBuildFile; fileRef = 2B850F302BCFD8100064B3C0 /* GoogleService-Info.plist */; };
		2B850F332BCFDA600064B3C0 /* Extensions.swift in Sources */ = {isa = PBXBuildFile; fileRef = 2B850F322BCFDA600064B3C0 /* Extensions.swift */; };
		2BD038A12BE11E6A0085937C /* LoginViewModel.swift in Sources */ = {isa = PBXBuildFile; fileRef = 2BD038A02BE11E6A0085937C /* LoginViewModel.swift */; };
		2BD038A32BE16C560085937C /* SettingsModel.swift in Sources */ = {isa = PBXBuildFile; fileRef = 2BD038A22BE16C560085937C /* SettingsModel.swift */; };
		2BD038A72BE2BCEF0085937C /* HomeViewController.swift in Sources */ = {isa = PBXBuildFile; fileRef = 2BD038A62BE2BCEF0085937C /* HomeViewController.swift */; };
/* End PBXBuildFile section */

/* Begin PBXFileReference section */
		2B1058A32BE3A482008595FB /* StatusViewController.swift */ = {isa = PBXFileReference; lastKnownFileType = sourcecode.swift; path = StatusViewController.swift; sourceTree = "<group>"; };
		2B1058AC2BE3ACDE008595FB /* StatusModel.swift */ = {isa = PBXFileReference; lastKnownFileType = sourcecode.swift; path = StatusModel.swift; sourceTree = "<group>"; };
		2B1058AE2BE3B26D008595FB /* StatusView.swift */ = {isa = PBXFileReference; lastKnownFileType = sourcecode.swift; path = StatusView.swift; sourceTree = "<group>"; };
		2B1058B02BE3B330008595FB /* StatusViewModel.swift */ = {isa = PBXFileReference; lastKnownFileType = sourcecode.swift; path = StatusViewModel.swift; sourceTree = "<group>"; };
		2B1058B22BE3B6EB008595FB /* OverdueTaskViewController.swift */ = {isa = PBXFileReference; lastKnownFileType = sourcecode.swift; path = OverdueTaskViewController.swift; sourceTree = "<group>"; };
		2B1058B42BE3B771008595FB /* OverdueTaskCollectionViewCell.swift */ = {isa = PBXFileReference; lastKnownFileType = sourcecode.swift; path = OverdueTaskCollectionViewCell.swift; sourceTree = "<group>"; };
		2B1058B62BE42FCA008595FB /* TaskCellViewModel.swift */ = {isa = PBXFileReference; lastKnownFileType = sourcecode.swift; path = TaskCellViewModel.swift; sourceTree = "<group>"; };
		2B1DB4C42BAD865B0040DF54 /* ToDoListApp.app */ = {isa = PBXFileReference; explicitFileType = wrapper.application; includeInIndex = 0; path = ToDoListApp.app; sourceTree = BUILT_PRODUCTS_DIR; };
		2B850EE62BCFD6C60064B3C0 /* TimerManager.swift */ = {isa = PBXFileReference; fileEncoding = 4; lastKnownFileType = sourcecode.swift; path = TimerManager.swift; sourceTree = "<group>"; };
		2B850EE82BCFD6C60064B3C0 /* TaskModel.swift */ = {isa = PBXFileReference; fileEncoding = 4; lastKnownFileType = sourcecode.swift; path = TaskModel.swift; sourceTree = "<group>"; };
		2B850EE92BCFD6C60064B3C0 /* UserModel.swift */ = {isa = PBXFileReference; fileEncoding = 4; lastKnownFileType = sourcecode.swift; path = UserModel.swift; sourceTree = "<group>"; };
		2B850EEB2BCFD6C60064B3C0 /* AuthService.swift */ = {isa = PBXFileReference; fileEncoding = 4; lastKnownFileType = sourcecode.swift; path = AuthService.swift; sourceTree = "<group>"; };
		2B850EEC2BCFD6C60064B3C0 /* TaskService.swift */ = {isa = PBXFileReference; fileEncoding = 4; lastKnownFileType = sourcecode.swift; path = TaskService.swift; sourceTree = "<group>"; };
		2B850EEE2BCFD6C60064B3C0 /* CompletedTaskViewController.swift */ = {isa = PBXFileReference; fileEncoding = 4; lastKnownFileType = sourcecode.swift; path = CompletedTaskViewController.swift; sourceTree = "<group>"; };
		2B850EEF2BCFD6C60064B3C0 /* LoginViewController.swift */ = {isa = PBXFileReference; fileEncoding = 4; lastKnownFileType = sourcecode.swift; path = LoginViewController.swift; sourceTree = "<group>"; };
		2B850EF02BCFD6C60064B3C0 /* MainTabBarViewController.swift */ = {isa = PBXFileReference; fileEncoding = 4; lastKnownFileType = sourcecode.swift; path = MainTabBarViewController.swift; sourceTree = "<group>"; };
		2B850EF12BCFD6C60064B3C0 /* NewTaskViewController.swift */ = {isa = PBXFileReference; fileEncoding = 4; lastKnownFileType = sourcecode.swift; path = NewTaskViewController.swift; sourceTree = "<group>"; };
		2B850EF22BCFD6C60064B3C0 /* PastTaskViewController.swift */ = {isa = PBXFileReference; fileEncoding = 4; lastKnownFileType = sourcecode.swift; path = PastTaskViewController.swift; sourceTree = "<group>"; };
		2B850EF32BCFD6C60064B3C0 /* RegisterViewController.swift */ = {isa = PBXFileReference; fileEncoding = 4; lastKnownFileType = sourcecode.swift; path = RegisterViewController.swift; sourceTree = "<group>"; };
		2B850EF42BCFD6C60064B3C0 /* ListViewController.swift */ = {isa = PBXFileReference; fileEncoding = 4; lastKnownFileType = sourcecode.swift; path = ListViewController.swift; sourceTree = "<group>"; };
		2B850EF52BCFD6C60064B3C0 /* TaskDetailViewController.swift */ = {isa = PBXFileReference; fileEncoding = 4; lastKnownFileType = sourcecode.swift; path = TaskDetailViewController.swift; sourceTree = "<group>"; };
		2B850EF62BCFD6C60064B3C0 /* TaskViewController.swift */ = {isa = PBXFileReference; fileEncoding = 4; lastKnownFileType = sourcecode.swift; path = TaskViewController.swift; sourceTree = "<group>"; };
		2B850EF82BCFD6C60064B3C0 /* RegisterViewModel.swift */ = {isa = PBXFileReference; fileEncoding = 4; lastKnownFileType = sourcecode.swift; path = RegisterViewModel.swift; sourceTree = "<group>"; };
		2B850EFA2BCFD6C60064B3C0 /* CalendarView.swift */ = {isa = PBXFileReference; fileEncoding = 4; lastKnownFileType = sourcecode.swift; path = CalendarView.swift; sourceTree = "<group>"; };
		2B850EFB2BCFD6C60064B3C0 /* HeaderTextView.swift */ = {isa = PBXFileReference; fileEncoding = 4; lastKnownFileType = sourcecode.swift; path = HeaderTextView.swift; sourceTree = "<group>"; };
		2B850EFC2BCFD6C60064B3C0 /* InputTextView.swift */ = {isa = PBXFileReference; fileEncoding = 4; lastKnownFileType = sourcecode.swift; path = InputTextView.swift; sourceTree = "<group>"; };
		2B850EFD2BCFD6C60064B3C0 /* TaskCompletedCalendarView.swift */ = {isa = PBXFileReference; fileEncoding = 4; lastKnownFileType = sourcecode.swift; path = TaskCompletedCalendarView.swift; sourceTree = "<group>"; };
		2B850EFF2BCFD6C60064B3C0 /* AuthInputView.swift */ = {isa = PBXFileReference; fileEncoding = 4; lastKnownFileType = sourcecode.swift; path = AuthInputView.swift; sourceTree = "<group>"; };
		2B850F002BCFD6C60064B3C0 /* CompletedTaskCollectionViewCell.swift */ = {isa = PBXFileReference; fileEncoding = 4; lastKnownFileType = sourcecode.swift; path = CompletedTaskCollectionViewCell.swift; sourceTree = "<group>"; };
		2B850F012BCFD6C60064B3C0 /* PastTaskCollectionViewCell.swift */ = {isa = PBXFileReference; fileEncoding = 4; lastKnownFileType = sourcecode.swift; path = PastTaskCollectionViewCell.swift; sourceTree = "<group>"; };
		2B850F022BCFD6C60064B3C0 /* ProfileView.swift */ = {isa = PBXFileReference; fileEncoding = 4; lastKnownFileType = sourcecode.swift; path = ProfileView.swift; sourceTree = "<group>"; };
		2B850F032BCFD6C60064B3C0 /* TaskDetailCollectionViewCell.swift */ = {isa = PBXFileReference; fileEncoding = 4; lastKnownFileType = sourcecode.swift; path = TaskDetailCollectionViewCell.swift; sourceTree = "<group>"; };
		2B850F042BCFD6C60064B3C0 /* TaskTableViewCell.swift */ = {isa = PBXFileReference; fileEncoding = 4; lastKnownFileType = sourcecode.swift; path = TaskTableViewCell.swift; sourceTree = "<group>"; };
		2B850F052BCFD6C60064B3C0 /* TextFieldView.swift */ = {isa = PBXFileReference; fileEncoding = 4; lastKnownFileType = sourcecode.swift; path = TextFieldView.swift; sourceTree = "<group>"; };
		2B850F072BCFD6C60064B3C0 /* AppDelegate.swift */ = {isa = PBXFileReference; fileEncoding = 4; lastKnownFileType = sourcecode.swift; path = AppDelegate.swift; sourceTree = "<group>"; };
		2B850F082BCFD6C60064B3C0 /* Assets.xcassets */ = {isa = PBXFileReference; lastKnownFileType = folder.assetcatalog; path = Assets.xcassets; sourceTree = "<group>"; };
		2B850F0A2BCFD6C60064B3C0 /* Info.plist */ = {isa = PBXFileReference; fileEncoding = 4; lastKnownFileType = text.plist.xml; path = Info.plist; sourceTree = "<group>"; };
		2B850F0B2BCFD6C60064B3C0 /* Base */ = {isa = PBXFileReference; lastKnownFileType = file.storyboard; name = Base; path = Base.lproj/LaunchScreen.storyboard; sourceTree = "<group>"; };
		2B850F0D2BCFD6C60064B3C0 /* SceneDelegate.swift */ = {isa = PBXFileReference; fileEncoding = 4; lastKnownFileType = sourcecode.swift; path = SceneDelegate.swift; sourceTree = "<group>"; };
		2B850F302BCFD8100064B3C0 /* GoogleService-Info.plist */ = {isa = PBXFileReference; fileEncoding = 4; lastKnownFileType = text.plist.xml; path = "GoogleService-Info.plist"; sourceTree = "<group>"; };
		2B850F322BCFDA600064B3C0 /* Extensions.swift */ = {isa = PBXFileReference; fileEncoding = 4; lastKnownFileType = sourcecode.swift; name = Extensions.swift; path = ../../../../../Downloads/ToDoListApp/ToDoListApp/Extensions/Extensions.swift; sourceTree = "<group>"; };
		2BD038A02BE11E6A0085937C /* LoginViewModel.swift */ = {isa = PBXFileReference; lastKnownFileType = sourcecode.swift; path = LoginViewModel.swift; sourceTree = "<group>"; };
		2BD038A22BE16C560085937C /* SettingsModel.swift */ = {isa = PBXFileReference; lastKnownFileType = sourcecode.swift; path = SettingsModel.swift; sourceTree = "<group>"; };
		2BD038A62BE2BCEF0085937C /* HomeViewController.swift */ = {isa = PBXFileReference; lastKnownFileType = sourcecode.swift; path = HomeViewController.swift; sourceTree = "<group>"; };
/* End PBXFileReference section */

/* Begin PBXFrameworksBuildPhase section */
		2B1DB4C12BAD865B0040DF54 /* Frameworks */ = {
			isa = PBXFrameworksBuildPhase;
			buildActionMask = 2147483647;
			files = (
				2B1058AB2BE3A6E2008595FB /* DGCharts in Frameworks */,
				2B850EE02BCFD5DE0064B3C0 /* FirebaseAuth in Frameworks */,
				2B850EE22BCFD5E40064B3C0 /* FirebaseFirestore in Frameworks */,
				2B850EE42BCFD5EA0064B3C0 /* FirebaseStorage in Frameworks */,
			);
			runOnlyForDeploymentPostprocessing = 0;
		};
/* End PBXFrameworksBuildPhase section */

/* Begin PBXGroup section */
		2B1DB4BB2BAD865B0040DF54 = {
			isa = PBXGroup;
			children = (
				2B850F0E2BCFD6C60064B3C0 /* ToDoListApp */,
				2B1DB4C52BAD865B0040DF54 /* Products */,
				2B850EDE2BCFD5DE0064B3C0 /* Frameworks */,
			);
			sourceTree = "<group>";
		};
		2B1DB4C52BAD865B0040DF54 /* Products */ = {
			isa = PBXGroup;
			children = (
				2B1DB4C42BAD865B0040DF54 /* ToDoListApp.app */,
			);
			name = Products;
			sourceTree = "<group>";
		};
		2B850EDE2BCFD5DE0064B3C0 /* Frameworks */ = {
			isa = PBXGroup;
			children = (
			);
			name = Frameworks;
			sourceTree = "<group>";
		};
		2B850EE52BCFD6C60064B3C0 /* Extensions */ = {
			isa = PBXGroup;
			children = (
				2B850F322BCFDA600064B3C0 /* Extensions.swift */,
			);
			path = Extensions;
			sourceTree = "<group>";
		};
		2B850EE72BCFD6C60064B3C0 /* Manager */ = {
			isa = PBXGroup;
			children = (
				2B850EE62BCFD6C60064B3C0 /* TimerManager.swift */,
			);
			path = Manager;
			sourceTree = "<group>";
		};
		2B850EEA2BCFD6C60064B3C0 /* Models */ = {
			isa = PBXGroup;
			children = (
				2B850EE82BCFD6C60064B3C0 /* TaskModel.swift */,
				2B850EE92BCFD6C60064B3C0 /* UserModel.swift */,
				2BD038A22BE16C560085937C /* SettingsModel.swift */,
				2B1058AC2BE3ACDE008595FB /* StatusModel.swift */,
			);
			path = Models;
			sourceTree = "<group>";
		};
		2B850EED2BCFD6C60064B3C0 /* Service */ = {
			isa = PBXGroup;
			children = (
				2B850EEB2BCFD6C60064B3C0 /* AuthService.swift */,
				2B850EEC2BCFD6C60064B3C0 /* TaskService.swift */,
			);
			path = Service;
			sourceTree = "<group>";
		};
		2B850EF72BCFD6C60064B3C0 /* ViewControllers */ = {
			isa = PBXGroup;
			children = (
				2B850F352BCFE3490064B3C0 /* TaskControllers */,
				2B850F342BCFE3160064B3C0 /* AuthControllers */,
				2B850EF02BCFD6C60064B3C0 /* MainTabBarViewController.swift */,
			);
			path = ViewControllers;
			sourceTree = "<group>";
		};
		2B850EF92BCFD6C60064B3C0 /* ViewModels */ = {
			isa = PBXGroup;
			children = (
				2B850EF82BCFD6C60064B3C0 /* RegisterViewModel.swift */,
				2BD038A02BE11E6A0085937C /* LoginViewModel.swift */,
				2B1058B62BE42FCA008595FB /* TaskCellViewModel.swift */,
				2B1058B02BE3B330008595FB /* StatusViewModel.swift */,
			);
			path = ViewModels;
			sourceTree = "<group>";
		};
		2B850EFE2BCFD6C60064B3C0 /* NewTask */ = {
			isa = PBXGroup;
			children = (
				2B850EFC2BCFD6C60064B3C0 /* InputTextView.swift */,
				2B850EFB2BCFD6C60064B3C0 /* HeaderTextView.swift */,
				2B850EFA2BCFD6C60064B3C0 /* CalendarView.swift */,
				2B850EFD2BCFD6C60064B3C0 /* TaskCompletedCalendarView.swift */,
			);
			path = NewTask;
			sourceTree = "<group>";
		};
		2B850F062BCFD6C60064B3C0 /* Views */ = {
			isa = PBXGroup;
			children = (
				2B850EFE2BCFD6C60064B3C0 /* NewTask */,
				2B850EFF2BCFD6C60064B3C0 /* AuthInputView.swift */,
				2B850F052BCFD6C60064B3C0 /* TextFieldView.swift */,
				2B850F042BCFD6C60064B3C0 /* TaskTableViewCell.swift */,
				2B850F032BCFD6C60064B3C0 /* TaskDetailCollectionViewCell.swift */,
				2B850F002BCFD6C60064B3C0 /* CompletedTaskCollectionViewCell.swift */,
				2B850F012BCFD6C60064B3C0 /* PastTaskCollectionViewCell.swift */,
				2B1058B42BE3B771008595FB /* OverdueTaskCollectionViewCell.swift */,
				2B850F022BCFD6C60064B3C0 /* ProfileView.swift */,
				2B1058AE2BE3B26D008595FB /* StatusView.swift */,
			);
			path = Views;
			sourceTree = "<group>";
		};
		2B850F0E2BCFD6C60064B3C0 /* ToDoListApp */ = {
			isa = PBXGroup;
			children = (
				2B850EE52BCFD6C60064B3C0 /* Extensions */,
				2B850EE72BCFD6C60064B3C0 /* Manager */,
				2B850EEA2BCFD6C60064B3C0 /* Models */,
				2B850EED2BCFD6C60064B3C0 /* Service */,
				2B850EF72BCFD6C60064B3C0 /* ViewControllers */,
				2B850EF92BCFD6C60064B3C0 /* ViewModels */,
				2B850F062BCFD6C60064B3C0 /* Views */,
				2B850F072BCFD6C60064B3C0 /* AppDelegate.swift */,
				2B850F082BCFD6C60064B3C0 /* Assets.xcassets */,
				2B850F0A2BCFD6C60064B3C0 /* Info.plist */,
				2B850F302BCFD8100064B3C0 /* GoogleService-Info.plist */,
				2B850F0C2BCFD6C60064B3C0 /* LaunchScreen.storyboard */,
				2B850F0D2BCFD6C60064B3C0 /* SceneDelegate.swift */,
			);
			path = ToDoListApp;
			sourceTree = "<group>";
		};
		2B850F342BCFE3160064B3C0 /* AuthControllers */ = {
			isa = PBXGroup;
			children = (
				2B850EEF2BCFD6C60064B3C0 /* LoginViewController.swift */,
				2B850EF32BCFD6C60064B3C0 /* RegisterViewController.swift */,
			);
			path = AuthControllers;
			sourceTree = "<group>";
		};
		2B850F352BCFE3490064B3C0 /* TaskControllers */ = {
			isa = PBXGroup;
			children = (
				2BD038A62BE2BCEF0085937C /* HomeViewController.swift */,
				2B850EF42BCFD6C60064B3C0 /* ListViewController.swift */,
				2B850EF62BCFD6C60064B3C0 /* TaskViewController.swift */,
				2B850EF52BCFD6C60064B3C0 /* TaskDetailViewController.swift */,
				2B850EF12BCFD6C60064B3C0 /* NewTaskViewController.swift */,
				2B850EEE2BCFD6C60064B3C0 /* CompletedTaskViewController.swift */,
				2B850EF22BCFD6C60064B3C0 /* PastTaskViewController.swift */,
				2B1058B22BE3B6EB008595FB /* OverdueTaskViewController.swift */,
				2B1058A32BE3A482008595FB /* StatusViewController.swift */,
			);
			path = TaskControllers;
			sourceTree = "<group>";
		};
/* End PBXGroup section */

/* Begin PBXNativeTarget section */
		2B1DB4C32BAD865B0040DF54 /* ToDoListApp */ = {
			isa = PBXNativeTarget;
			buildConfigurationList = 2B1DB4D82BAD865D0040DF54 /* Build configuration list for PBXNativeTarget "ToDoListApp" */;
			buildPhases = (
				2B1DB4C02BAD865B0040DF54 /* Sources */,
				2B1DB4C12BAD865B0040DF54 /* Frameworks */,
				2B1DB4C22BAD865B0040DF54 /* Resources */,
			);
			buildRules = (
			);
			dependencies = (
			);
			name = ToDoListApp;
			packageProductDependencies = (
				2B850EDF2BCFD5DE0064B3C0 /* FirebaseAuth */,
				2B850EE12BCFD5E40064B3C0 /* FirebaseFirestore */,
				2B850EE32BCFD5EA0064B3C0 /* FirebaseStorage */,
				2B1058AA2BE3A6E2008595FB /* DGCharts */,
			);
			productName = ToDoListApp;
			productReference = 2B1DB4C42BAD865B0040DF54 /* ToDoListApp.app */;
			productType = "com.apple.product-type.application";
		};
/* End PBXNativeTarget section */

/* Begin PBXProject section */
		2B1DB4BC2BAD865B0040DF54 /* Project object */ = {
			isa = PBXProject;
			attributes = {
				BuildIndependentTargetsInParallel = 1;
				LastSwiftUpdateCheck = 1430;
				LastUpgradeCheck = 1530;
				TargetAttributes = {
					2B1DB4C32BAD865B0040DF54 = {
						CreatedOnToolsVersion = 14.3.1;
					};
				};
			};
			buildConfigurationList = 2B1DB4BF2BAD865B0040DF54 /* Build configuration list for PBXProject "ToDoListApp" */;
			compatibilityVersion = "Xcode 14.0";
			developmentRegion = en;
			hasScannedForEncodings = 0;
			knownRegions = (
				en,
				Base,
			);
			mainGroup = 2B1DB4BB2BAD865B0040DF54;
			packageReferences = (
				2B850EDD2BCFD2F70064B3C0 /* XCRemoteSwiftPackageReference "firebase-ios-sdk" */,
				2B1058A52BE3A5FB008595FB /* XCRemoteSwiftPackageReference "Charts" */,
			);
			productRefGroup = 2B1DB4C52BAD865B0040DF54 /* Products */;
			projectDirPath = "";
			projectRoot = "";
			targets = (
				2B1DB4C32BAD865B0040DF54 /* ToDoListApp */,
			);
		};
/* End PBXProject section */

/* Begin PBXResourcesBuildPhase section */
		2B1DB4C22BAD865B0040DF54 /* Resources */ = {
			isa = PBXResourcesBuildPhase;
			buildActionMask = 2147483647;
			files = (
				2B850F312BCFD8100064B3C0 /* GoogleService-Info.plist in Resources */,
				2B850F2D2BCFD6C60064B3C0 /* LaunchScreen.storyboard in Resources */,
				2B850F2A2BCFD6C60064B3C0 /* Assets.xcassets in Resources */,
			);
			runOnlyForDeploymentPostprocessing = 0;
		};
/* End PBXResourcesBuildPhase section */

/* Begin PBXSourcesBuildPhase section */
		2B1DB4C02BAD865B0040DF54 /* Sources */ = {
			isa = PBXSourcesBuildPhase;
			buildActionMask = 2147483647;
			files = (
				2B850F182BCFD6C60064B3C0 /* PastTaskViewController.swift in Sources */,
				2B850F1F2BCFD6C60064B3C0 /* HeaderTextView.swift in Sources */,
				2B850F1E2BCFD6C60064B3C0 /* CalendarView.swift in Sources */,
				2B850F282BCFD6C60064B3C0 /* TextFieldView.swift in Sources */,
				2B1058AF2BE3B26D008595FB /* StatusView.swift in Sources */,
				2B850F172BCFD6C60064B3C0 /* NewTaskViewController.swift in Sources */,
				2B1058AD2BE3ACDE008595FB /* StatusModel.swift in Sources */,
				2B850F2E2BCFD6C60064B3C0 /* SceneDelegate.swift in Sources */,
				2B850F262BCFD6C60064B3C0 /* TaskDetailCollectionViewCell.swift in Sources */,
				2B850F332BCFDA600064B3C0 /* Extensions.swift in Sources */,
				2BD038A12BE11E6A0085937C /* LoginViewModel.swift in Sources */,
				2B850F1B2BCFD6C60064B3C0 /* TaskDetailViewController.swift in Sources */,
				2B850F132BCFD6C60064B3C0 /* TaskService.swift in Sources */,
				2B850F102BCFD6C60064B3C0 /* TaskModel.swift in Sources */,
				2B850F1D2BCFD6C60064B3C0 /* RegisterViewModel.swift in Sources */,
				2B850F142BCFD6C60064B3C0 /* CompletedTaskViewController.swift in Sources */,
				2B1058B12BE3B330008595FB /* StatusViewModel.swift in Sources */,
				2BD038A32BE16C560085937C /* SettingsModel.swift in Sources */,
				2B850F0F2BCFD6C60064B3C0 /* TimerManager.swift in Sources */,
				2B1058B72BE42FCA008595FB /* TaskCellViewModel.swift in Sources */,
				2B850F122BCFD6C60064B3C0 /* AuthService.swift in Sources */,
				2B850F202BCFD6C60064B3C0 /* InputTextView.swift in Sources */,
				2B850F1A2BCFD6C60064B3C0 /* ListViewController.swift in Sources */,
				2B850F162BCFD6C60064B3C0 /* MainTabBarViewController.swift in Sources */,
				2B1058B32BE3B6EB008595FB /* OverdueTaskViewController.swift in Sources */,
				2B850F212BCFD6C60064B3C0 /* TaskCompletedCalendarView.swift in Sources */,
				2B850F292BCFD6C60064B3C0 /* AppDelegate.swift in Sources */,
				2B850F112BCFD6C60064B3C0 /* UserModel.swift in Sources */,
				2B850F272BCFD6C60064B3C0 /* TaskTableViewCell.swift in Sources */,
				2B850F1C2BCFD6C60064B3C0 /* TaskViewController.swift in Sources */,
				2B850F232BCFD6C60064B3C0 /* CompletedTaskCollectionViewCell.swift in Sources */,
				2B850F152BCFD6C60064B3C0 /* LoginViewController.swift in Sources */,
				2BD038A72BE2BCEF0085937C /* HomeViewController.swift in Sources */,
				2B1058B52BE3B771008595FB /* OverdueTaskCollectionViewCell.swift in Sources */,
				2B850F252BCFD6C60064B3C0 /* ProfileView.swift in Sources */,
				2B850F222BCFD6C60064B3C0 /* AuthInputView.swift in Sources */,
				2B850F242BCFD6C60064B3C0 /* PastTaskCollectionViewCell.swift in Sources */,
				2B1058A42BE3A482008595FB /* StatusViewController.swift in Sources */,
				2B850F192BCFD6C60064B3C0 /* RegisterViewController.swift in Sources */,
			);
			runOnlyForDeploymentPostprocessing = 0;
		};
/* End PBXSourcesBuildPhase section */

/* Begin PBXVariantGroup section */
		2B850F0C2BCFD6C60064B3C0 /* LaunchScreen.storyboard */ = {
			isa = PBXVariantGroup;
			children = (
				2B850F0B2BCFD6C60064B3C0 /* Base */,
			);
			name = LaunchScreen.storyboard;
			sourceTree = "<group>";
		};
/* End PBXVariantGroup section */

/* Begin XCBuildConfiguration section */
		2B1DB4D62BAD865D0040DF54 /* Debug */ = {
			isa = XCBuildConfiguration;
			buildSettings = {
				ALWAYS_SEARCH_USER_PATHS = NO;
				CLANG_ANALYZER_NONNULL = YES;
				CLANG_ANALYZER_NUMBER_OBJECT_CONVERSION = YES_AGGRESSIVE;
				CLANG_CXX_LANGUAGE_STANDARD = "gnu++20";
				CLANG_ENABLE_MODULES = YES;
				CLANG_ENABLE_OBJC_ARC = YES;
				CLANG_ENABLE_OBJC_WEAK = YES;
				CLANG_WARN_BLOCK_CAPTURE_AUTORELEASING = YES;
				CLANG_WARN_BOOL_CONVERSION = YES;
				CLANG_WARN_COMMA = YES;
				CLANG_WARN_CONSTANT_CONVERSION = YES;
				CLANG_WARN_DEPRECATED_OBJC_IMPLEMENTATIONS = YES;
				CLANG_WARN_DIRECT_OBJC_ISA_USAGE = YES_ERROR;
				CLANG_WARN_DOCUMENTATION_COMMENTS = YES;
				CLANG_WARN_EMPTY_BODY = YES;
				CLANG_WARN_ENUM_CONVERSION = YES;
				CLANG_WARN_INFINITE_RECURSION = YES;
				CLANG_WARN_INT_CONVERSION = YES;
				CLANG_WARN_NON_LITERAL_NULL_CONVERSION = YES;
				CLANG_WARN_OBJC_IMPLICIT_RETAIN_SELF = YES;
				CLANG_WARN_OBJC_LITERAL_CONVERSION = YES;
				CLANG_WARN_OBJC_ROOT_CLASS = YES_ERROR;
				CLANG_WARN_QUOTED_INCLUDE_IN_FRAMEWORK_HEADER = YES;
				CLANG_WARN_RANGE_LOOP_ANALYSIS = YES;
				CLANG_WARN_STRICT_PROTOTYPES = YES;
				CLANG_WARN_SUSPICIOUS_MOVE = YES;
				CLANG_WARN_UNGUARDED_AVAILABILITY = YES_AGGRESSIVE;
				CLANG_WARN_UNREACHABLE_CODE = YES;
				CLANG_WARN__DUPLICATE_METHOD_MATCH = YES;
				COPY_PHASE_STRIP = NO;
				DEBUG_INFORMATION_FORMAT = dwarf;
				ENABLE_STRICT_OBJC_MSGSEND = YES;
				ENABLE_TESTABILITY = YES;
				GCC_C_LANGUAGE_STANDARD = gnu11;
				GCC_DYNAMIC_NO_PIC = NO;
				GCC_NO_COMMON_BLOCKS = YES;
				GCC_OPTIMIZATION_LEVEL = 0;
				GCC_PREPROCESSOR_DEFINITIONS = (
					"DEBUG=1",
					"$(inherited)",
				);
				GCC_WARN_64_TO_32_BIT_CONVERSION = YES;
				GCC_WARN_ABOUT_RETURN_TYPE = YES_ERROR;
				GCC_WARN_UNDECLARED_SELECTOR = YES;
				GCC_WARN_UNINITIALIZED_AUTOS = YES_AGGRESSIVE;
				GCC_WARN_UNUSED_FUNCTION = YES;
				GCC_WARN_UNUSED_VARIABLE = YES;
				IPHONEOS_DEPLOYMENT_TARGET = 17.4;
				MTL_ENABLE_DEBUG_INFO = INCLUDE_SOURCE;
				MTL_FAST_MATH = YES;
				ONLY_ACTIVE_ARCH = YES;
				SDKROOT = iphoneos;
				SWIFT_ACTIVE_COMPILATION_CONDITIONS = DEBUG;
				SWIFT_OPTIMIZATION_LEVEL = "-Onone";
			};
			name = Debug;
		};
		2B1DB4D72BAD865D0040DF54 /* Release */ = {
			isa = XCBuildConfiguration;
			buildSettings = {
				ALWAYS_SEARCH_USER_PATHS = NO;
				CLANG_ANALYZER_NONNULL = YES;
				CLANG_ANALYZER_NUMBER_OBJECT_CONVERSION = YES_AGGRESSIVE;
				CLANG_CXX_LANGUAGE_STANDARD = "gnu++20";
				CLANG_ENABLE_MODULES = YES;
				CLANG_ENABLE_OBJC_ARC = YES;
				CLANG_ENABLE_OBJC_WEAK = YES;
				CLANG_WARN_BLOCK_CAPTURE_AUTORELEASING = YES;
				CLANG_WARN_BOOL_CONVERSION = YES;
				CLANG_WARN_COMMA = YES;
				CLANG_WARN_CONSTANT_CONVERSION = YES;
				CLANG_WARN_DEPRECATED_OBJC_IMPLEMENTATIONS = YES;
				CLANG_WARN_DIRECT_OBJC_ISA_USAGE = YES_ERROR;
				CLANG_WARN_DOCUMENTATION_COMMENTS = YES;
				CLANG_WARN_EMPTY_BODY = YES;
				CLANG_WARN_ENUM_CONVERSION = YES;
				CLANG_WARN_INFINITE_RECURSION = YES;
				CLANG_WARN_INT_CONVERSION = YES;
				CLANG_WARN_NON_LITERAL_NULL_CONVERSION = YES;
				CLANG_WARN_OBJC_IMPLICIT_RETAIN_SELF = YES;
				CLANG_WARN_OBJC_LITERAL_CONVERSION = YES;
				CLANG_WARN_OBJC_ROOT_CLASS = YES_ERROR;
				CLANG_WARN_QUOTED_INCLUDE_IN_FRAMEWORK_HEADER = YES;
				CLANG_WARN_RANGE_LOOP_ANALYSIS = YES;
				CLANG_WARN_STRICT_PROTOTYPES = YES;
				CLANG_WARN_SUSPICIOUS_MOVE = YES;
				CLANG_WARN_UNGUARDED_AVAILABILITY = YES_AGGRESSIVE;
				CLANG_WARN_UNREACHABLE_CODE = YES;
				CLANG_WARN__DUPLICATE_METHOD_MATCH = YES;
				COPY_PHASE_STRIP = NO;
				DEBUG_INFORMATION_FORMAT = "dwarf-with-dsym";
				ENABLE_NS_ASSERTIONS = NO;
				ENABLE_STRICT_OBJC_MSGSEND = YES;
				GCC_C_LANGUAGE_STANDARD = gnu11;
				GCC_NO_COMMON_BLOCKS = YES;
				GCC_WARN_64_TO_32_BIT_CONVERSION = YES;
				GCC_WARN_ABOUT_RETURN_TYPE = YES_ERROR;
				GCC_WARN_UNDECLARED_SELECTOR = YES;
				GCC_WARN_UNINITIALIZED_AUTOS = YES_AGGRESSIVE;
				GCC_WARN_UNUSED_FUNCTION = YES;
				GCC_WARN_UNUSED_VARIABLE = YES;
				IPHONEOS_DEPLOYMENT_TARGET = 17.4;
				MTL_ENABLE_DEBUG_INFO = NO;
				MTL_FAST_MATH = YES;
				SDKROOT = iphoneos;
				SWIFT_COMPILATION_MODE = wholemodule;
				SWIFT_OPTIMIZATION_LEVEL = "-O";
				VALIDATE_PRODUCT = YES;
			};
			name = Release;
		};
		2B1DB4D92BAD865D0040DF54 /* Debug */ = {
			isa = XCBuildConfiguration;
			buildSettings = {
				ASSETCATALOG_COMPILER_APPICON_NAME = AppIcon;
				ASSETCATALOG_COMPILER_GLOBAL_ACCENT_COLOR_NAME = AccentColor;
				CODE_SIGN_STYLE = Automatic;
				CURRENT_PROJECT_VERSION = 1;
				DEVELOPMENT_TEAM = 6CX7MPY7Q3;
				GENERATE_INFOPLIST_FILE = YES;
				INFOPLIST_FILE = ToDoListApp/Info.plist;
				INFOPLIST_KEY_UIApplicationSupportsIndirectInputEvents = YES;
				INFOPLIST_KEY_UILaunchStoryboardName = LaunchScreen;
				INFOPLIST_KEY_UISupportedInterfaceOrientations_iPad = "UIInterfaceOrientationPortrait UIInterfaceOrientationPortraitUpsideDown UIInterfaceOrientationLandscapeLeft UIInterfaceOrientationLandscapeRight";
				INFOPLIST_KEY_UISupportedInterfaceOrientations_iPhone = "UIInterfaceOrientationPortrait UIInterfaceOrientationLandscapeLeft UIInterfaceOrientationLandscapeRight";
				LD_RUNPATH_SEARCH_PATHS = (
					"$(inherited)",
					"@executable_path/Frameworks",
				);
				MARKETING_VERSION = 1.0;
				PRODUCT_BUNDLE_IDENTIFIER = com.canerkarabulut.ToDoListApp;
				PRODUCT_NAME = "$(TARGET_NAME)";
				SWIFT_EMIT_LOC_STRINGS = YES;
				SWIFT_VERSION = 5.0;
				TARGETED_DEVICE_FAMILY = "1,2";
			};
			name = Debug;
		};
		2B1DB4DA2BAD865D0040DF54 /* Release */ = {
			isa = XCBuildConfiguration;
			buildSettings = {
				ASSETCATALOG_COMPILER_APPICON_NAME = AppIcon;
				ASSETCATALOG_COMPILER_GLOBAL_ACCENT_COLOR_NAME = AccentColor;
				CODE_SIGN_STYLE = Automatic;
				CURRENT_PROJECT_VERSION = 1;
				DEVELOPMENT_TEAM = 6CX7MPY7Q3;
				GENERATE_INFOPLIST_FILE = YES;
				INFOPLIST_FILE = ToDoListApp/Info.plist;
				INFOPLIST_KEY_UIApplicationSupportsIndirectInputEvents = YES;
				INFOPLIST_KEY_UILaunchStoryboardName = LaunchScreen;
				INFOPLIST_KEY_UISupportedInterfaceOrientations_iPad = "UIInterfaceOrientationPortrait UIInterfaceOrientationPortraitUpsideDown UIInterfaceOrientationLandscapeLeft UIInterfaceOrientationLandscapeRight";
				INFOPLIST_KEY_UISupportedInterfaceOrientations_iPhone = "UIInterfaceOrientationPortrait UIInterfaceOrientationLandscapeLeft UIInterfaceOrientationLandscapeRight";
				LD_RUNPATH_SEARCH_PATHS = (
					"$(inherited)",
					"@executable_path/Frameworks",
				);
				MARKETING_VERSION = 1.0;
				PRODUCT_BUNDLE_IDENTIFIER = com.canerkarabulut.ToDoListApp;
				PRODUCT_NAME = "$(TARGET_NAME)";
				SWIFT_EMIT_LOC_STRINGS = YES;
				SWIFT_VERSION = 5.0;
				TARGETED_DEVICE_FAMILY = "1,2";
			};
			name = Release;
		};
/* End XCBuildConfiguration section */

/* Begin XCConfigurationList section */
		2B1DB4BF2BAD865B0040DF54 /* Build configuration list for PBXProject "ToDoListApp" */ = {
			isa = XCConfigurationList;
			buildConfigurations = (
				2B1DB4D62BAD865D0040DF54 /* Debug */,
				2B1DB4D72BAD865D0040DF54 /* Release */,
			);
			defaultConfigurationIsVisible = 0;
			defaultConfigurationName = Release;
		};
		2B1DB4D82BAD865D0040DF54 /* Build configuration list for PBXNativeTarget "ToDoListApp" */ = {
			isa = XCConfigurationList;
			buildConfigurations = (
				2B1DB4D92BAD865D0040DF54 /* Debug */,
				2B1DB4DA2BAD865D0040DF54 /* Release */,
			);
			defaultConfigurationIsVisible = 0;
			defaultConfigurationName = Release;
		};
/* End XCConfigurationList section */

/* Begin XCRemoteSwiftPackageReference section */
		2B1058A52BE3A5FB008595FB /* XCRemoteSwiftPackageReference "Charts" */ = {
			isa = XCRemoteSwiftPackageReference;
			repositoryURL = "https://github.com/danielgindi/Charts.git";
			requirement = {
				kind = upToNextMajorVersion;
				minimumVersion = 5.1.0;
			};
		};
		2B850EDD2BCFD2F70064B3C0 /* XCRemoteSwiftPackageReference "firebase-ios-sdk" */ = {
			isa = XCRemoteSwiftPackageReference;
			repositoryURL = "https://github.com/firebase/firebase-ios-sdk";
			requirement = {
				kind = upToNextMajorVersion;
				minimumVersion = 10.24.0;
			};
		};
/* End XCRemoteSwiftPackageReference section */

/* Begin XCSwiftPackageProductDependency section */
		2B1058AA2BE3A6E2008595FB /* DGCharts */ = {
			isa = XCSwiftPackageProductDependency;
			package = 2B1058A52BE3A5FB008595FB /* XCRemoteSwiftPackageReference "Charts" */;
			productName = DGCharts;
		};
		2B850EDF2BCFD5DE0064B3C0 /* FirebaseAuth */ = {
			isa = XCSwiftPackageProductDependency;
			package = 2B850EDD2BCFD2F70064B3C0 /* XCRemoteSwiftPackageReference "firebase-ios-sdk" */;
			productName = FirebaseAuth;
		};
		2B850EE12BCFD5E40064B3C0 /* FirebaseFirestore */ = {
			isa = XCSwiftPackageProductDependency;
			package = 2B850EDD2BCFD2F70064B3C0 /* XCRemoteSwiftPackageReference "firebase-ios-sdk" */;
			productName = FirebaseFirestore;
		};
		2B850EE32BCFD5EA0064B3C0 /* FirebaseStorage */ = {
			isa = XCSwiftPackageProductDependency;
			package = 2B850EDD2BCFD2F70064B3C0 /* XCRemoteSwiftPackageReference "firebase-ios-sdk" */;
			productName = FirebaseStorage;
		};
/* End XCSwiftPackageProductDependency section */
	};
	rootObject = 2B1DB4BC2BAD865B0040DF54 /* Project object */;
}
